Microsoft Visual Studio Solution File, Format Version 12.00
# Visual Studio Version 17
VisualStudioVersion = 17.5.2.0
MinimumVisualStudioVersion = 10.0.40219.1
Project("{FAE04EC0-301F-11D3-BF4B-00C04F79EFBC}") = "OpenProjectProductivity.Web", "OpenProjectProductivity.Web.csproj", "{4FB356D8-E4B8-7DE4-0B96-4CEFA1A60E7F}"
EndProject
Global
	GlobalSection(SolutionConfigurationPlatforms) = preSolution
		Debug|Any CPU = Debug|Any CPU
		Release|Any CPU = Release|Any CPU
	EndGlobalSection
	GlobalSection(ProjectConfigurationPlatforms) = postSolution
		{4FB356D8-E4B8-7DE4-0B96-4CEFA1A60E7F}.Debug|Any CPU.ActiveCfg = Debug|Any CPU
		{4FB356D8-E4B8-7DE4-0B96-4CEFA1A60E7F}.Debug|Any CPU.Build.0 = Debug|Any CPU
		{4FB356D8-E4B8-7DE4-0B96-4CEFA1A60E7F}.Release|Any CPU.ActiveCfg = Release|Any CPU
		{4FB356D8-E4B8-7DE4-0B96-4CEFA1A60E7F}.Release|Any CPU.Build.0 = Release|Any CPU
	EndGlobalSection
	GlobalSection(SolutionProperties) = preSolution
		HideSolutionNode = FALSE
	EndGlobalSection
	GlobalSection(ExtensibilityGlobals) = postSolution
		SolutionGuid = {70FCBF72-99F2-41BE-A130-6C850A6CD97E}
	EndGlobalSection
EndGlobal
